
Microsoft Visual Studio Solution File, Format Version 12.00
# Visual Studio 15
VisualStudioVersion = 15.0.27428.2002
MinimumVisualStudioVersion = 10.0.40219.1
Project("{FAE04EC0-301F-11D3-BF4B-00C04F79EFBC}") = "Ex03.GarageLogic", "Ex03.GarageLogic\Ex03.GarageLogic.csproj", "{A8B138FB-8172-454C-A5A6-A0FE2DC4FCE9}"
EndProject
Project("{FAE04EC0-301F-11D3-BF4B-00C04F79EFBC}") = "Ex03.ConsoleUI", "Ex03.ConsoleUI\Ex03.ConsoleUI.csproj", "{6E07C296-A72E-4948-9892-4FE7235ACEF3}"
EndProject
Project("{2150E333-8FDC-42A3-9474-1A3956D46DE8}") = "Solution Items", "Solution Items", "{6D542860-F5F9-4B3C-97E4-38C12E8BB772}"
	ProjectSection(SolutionItems) = preProject
		B18 Ex03 Matan 312541816 Chen 315473827.docx = B18 Ex03 Matan 312541816 Chen 315473827.docx
		CheckingReport.txt = CheckingReport.txt
	EndProjectSection
EndProject
Global
	GlobalSection(SolutionConfigurationPlatforms) = preSolution
		Debug|Any CPU = Debug|Any CPU
		Release|Any CPU = Release|Any CPU
	EndGlobalSection
	GlobalSection(ProjectConfigurationPlatforms) = postSolution
		{A8B138FB-8172-454C-A5A6-A0FE2DC4FCE9}.Debug|Any CPU.ActiveCfg = Debug|Any CPU
		{A8B138FB-8172-454C-A5A6-A0FE2DC4FCE9}.Debug|Any CPU.Build.0 = Debug|Any CPU
		{A8B138FB-8172-454C-A5A6-A0FE2DC4FCE9}.Release|Any CPU.ActiveCfg = Release|Any CPU
		{A8B138FB-8172-454C-A5A6-A0FE2DC4FCE9}.Release|Any CPU.Build.0 = Release|Any CPU
		{6E07C296-A72E-4948-9892-4FE7235ACEF3}.Debug|Any CPU.ActiveCfg = Debug|Any CPU
		{6E07C296-A72E-4948-9892-4FE7235ACEF3}.Debug|Any CPU.Build.0 = Debug|Any CPU
		{6E07C296-A72E-4948-9892-4FE7235ACEF3}.Release|Any CPU.ActiveCfg = Release|Any CPU
		{6E07C296-A72E-4948-9892-4FE7235ACEF3}.Release|Any CPU.Build.0 = Release|Any CPU
	EndGlobalSection
	GlobalSection(SolutionProperties) = preSolution
		HideSolutionNode = FALSE
	EndGlobalSection
	GlobalSection(ExtensibilityGlobals) = postSolution
		SolutionGuid = {6BA9A39C-FD1E-4464-98C4-C510284ABAD1}
	EndGlobalSection
EndGlobal
